
Microsoft Visual Studio Solution File, Format Version 12.00
# Visual Studio Version 16
VisualStudioVersion = 16.0.33214.272
MinimumVisualStudioVersion = 10.0.40219.1
Project("{FAE04EC0-301F-11D3-BF4B-00C04F79EFBC}") = "Program7", "Program7.csproj", "{595987AF-1FC5-421A-945D-33211C908111}"
EndProject
Global
	GlobalSection(SolutionConfigurationPlatforms) = preSolution
		Debug|Any CPU = Debug|Any CPU
		Release|Any CPU = Release|Any CPU
	EndGlobalSection
	GlobalSection(ProjectConfigurationPlatforms) = postSolution
		{595987AF-1FC5-421A-945D-33211C908111}.Debug|Any CPU.ActiveCfg = Debug|Any CPU
		{595987AF-1FC5-421A-945D-33211C908111}.Debug|Any CPU.Build.0 = Debug|Any CPU
		{595987AF-1FC5-421A-945D-33211C908111}.Release|Any CPU.ActiveCfg = Release|Any CPU
		{595987AF-1FC5-421A-945D-33211C908111}.Release|Any CPU.Build.0 = Release|Any CPU
	EndGlobalSection
	GlobalSection(SolutionProperties) = preSolution
		HideSolutionNode = FALSE
	EndGlobalSection
	GlobalSection(ExtensibilityGlobals) = postSolution
		SolutionGuid = {98702A94-C54B-4CBB-8563-BDEE337063DE}
	EndGlobalSection
EndGlobal
