
Microsoft Visual Studio Solution File, Format Version 12.00
# Visual Studio Version 16
VisualStudioVersion = 16.0.33214.272
MinimumVisualStudioVersion = 10.0.40219.1
Project("{FAE04EC0-301F-11D3-BF4B-00C04F79EFBC}") = "Program3", "Program3.csproj", "{C5BC5F46-27A9-441D-A884-993A5157BAE3}"
EndProject
Global
	GlobalSection(SolutionConfigurationPlatforms) = preSolution
		Debug|Any CPU = Debug|Any CPU
		Release|Any CPU = Release|Any CPU
	EndGlobalSection
	GlobalSection(ProjectConfigurationPlatforms) = postSolution
		{C5BC5F46-27A9-441D-A884-993A5157BAE3}.Debug|Any CPU.ActiveCfg = Debug|Any CPU
		{C5BC5F46-27A9-441D-A884-993A5157BAE3}.Debug|Any CPU.Build.0 = Debug|Any CPU
		{C5BC5F46-27A9-441D-A884-993A5157BAE3}.Release|Any CPU.ActiveCfg = Release|Any CPU
		{C5BC5F46-27A9-441D-A884-993A5157BAE3}.Release|Any CPU.Build.0 = Release|Any CPU
	EndGlobalSection
	GlobalSection(SolutionProperties) = preSolution
		HideSolutionNode = FALSE
	EndGlobalSection
	GlobalSection(ExtensibilityGlobals) = postSolution
		SolutionGuid = {295996DC-E2A5-4565-AFBD-3D60934C1CAA}
	EndGlobalSection
EndGlobal
