
Microsoft Visual Studio Solution File, Format Version 12.00
# Visual Studio Version 16
VisualStudioVersion = 16.0.33214.272
MinimumVisualStudioVersion = 10.0.40219.1
Project("{FAE04EC0-301F-11D3-BF4B-00C04F79EFBC}") = "Program12", "Program12.csproj", "{898B57FE-66A4-436A-84A0-6F7A9B18D0EC}"
EndProject
Global
	GlobalSection(SolutionConfigurationPlatforms) = preSolution
		Debug|Any CPU = Debug|Any CPU
		Release|Any CPU = Release|Any CPU
	EndGlobalSection
	GlobalSection(ProjectConfigurationPlatforms) = postSolution
		{898B57FE-66A4-436A-84A0-6F7A9B18D0EC}.Debug|Any CPU.ActiveCfg = Debug|Any CPU
		{898B57FE-66A4-436A-84A0-6F7A9B18D0EC}.Debug|Any CPU.Build.0 = Debug|Any CPU
		{898B57FE-66A4-436A-84A0-6F7A9B18D0EC}.Release|Any CPU.ActiveCfg = Release|Any CPU
		{898B57FE-66A4-436A-84A0-6F7A9B18D0EC}.Release|Any CPU.Build.0 = Release|Any CPU
	EndGlobalSection
	GlobalSection(SolutionProperties) = preSolution
		HideSolutionNode = FALSE
	EndGlobalSection
	GlobalSection(ExtensibilityGlobals) = postSolution
		SolutionGuid = {CA5B5E4F-7603-40F1-82CB-E97DF42101B9}
	EndGlobalSection
EndGlobal
