
Microsoft Visual Studio Solution File, Format Version 12.00
# Visual Studio Version 16
VisualStudioVersion = 16.0.33214.272
MinimumVisualStudioVersion = 10.0.40219.1
Project("{FAE04EC0-301F-11D3-BF4B-00C04F79EFBC}") = "Program9", "Program9.csproj", "{6928E4B3-203F-4C1D-92C1-F3DD32DDACBC}"
EndProject
Global
	GlobalSection(SolutionConfigurationPlatforms) = preSolution
		Debug|Any CPU = Debug|Any CPU
		Release|Any CPU = Release|Any CPU
	EndGlobalSection
	GlobalSection(ProjectConfigurationPlatforms) = postSolution
		{6928E4B3-203F-4C1D-92C1-F3DD32DDACBC}.Debug|Any CPU.ActiveCfg = Debug|Any CPU
		{6928E4B3-203F-4C1D-92C1-F3DD32DDACBC}.Debug|Any CPU.Build.0 = Debug|Any CPU
		{6928E4B3-203F-4C1D-92C1-F3DD32DDACBC}.Release|Any CPU.ActiveCfg = Release|Any CPU
		{6928E4B3-203F-4C1D-92C1-F3DD32DDACBC}.Release|Any CPU.Build.0 = Release|Any CPU
	EndGlobalSection
	GlobalSection(SolutionProperties) = preSolution
		HideSolutionNode = FALSE
	EndGlobalSection
	GlobalSection(ExtensibilityGlobals) = postSolution
		SolutionGuid = {19576B9A-A8D8-4104-8896-0E26D560EB0C}
	EndGlobalSection
EndGlobal
